// !$*UTF8*$!
{
	archiveVersion = 1;
	classes = {
	};
	objectVersion = 50;
	objects = {

/* Begin PBXBuildFile section */
		894FC333301EF6CDB8B3E464 /* Pods_Brightcove.framework in Frameworks */ = {isa = PBXBuildFile; fileRef = 8146C6DE9692A854ABBFFF4A /* Pods_Brightcove.framework */; };
		AAF3151A231BE07D009E64D6 /* AppDelegate.swift in Sources */ = {isa = PBXBuildFile; fileRef = AAF31519231BE07D009E64D6 /* AppDelegate.swift */; };
		AAF3151C231BE07D009E64D6 /* ViewController.swift in Sources */ = {isa = PBXBuildFile; fileRef = AAF3151B231BE07D009E64D6 /* ViewController.swift */; };
		AAF3151F231BE07D009E64D6 /* Main.storyboard in Resources */ = {isa = PBXBuildFile; fileRef = AAF3151D231BE07D009E64D6 /* Main.storyboard */; };
		AAF31521231BE07E009E64D6 /* Assets.xcassets in Resources */ = {isa = PBXBuildFile; fileRef = AAF31520231BE07E009E64D6 /* Assets.xcassets */; };
		AAF31524231BE07E009E64D6 /* LaunchScreen.storyboard in Resources */ = {isa = PBXBuildFile; fileRef = AAF31522231BE07E009E64D6 /* LaunchScreen.storyboard */; };
/* End PBXBuildFile section */

/* Begin PBXFileReference section */
		540B1035F63296002413E28B /* Pods-Brightcove.release.xcconfig */ = {isa = PBXFileReference; includeInIndex = 1; lastKnownFileType = text.xcconfig; name = "Pods-Brightcove.release.xcconfig"; path = "Target Support Files/Pods-Brightcove/Pods-Brightcove.release.xcconfig"; sourceTree = "<group>"; };
		8146C6DE9692A854ABBFFF4A /* Pods_Brightcove.framework */ = {isa = PBXFileReference; explicitFileType = wrapper.framework; includeInIndex = 0; path = Pods_Brightcove.framework; sourceTree = BUILT_PRODUCTS_DIR; };
		AAF31516231BE07D009E64D6 /* Brightcove.app */ = {isa = PBXFileReference; explicitFileType = wrapper.application; includeInIndex = 0; path = Brightcove.app; sourceTree = BUILT_PRODUCTS_DIR; };
		AAF31519231BE07D009E64D6 /* AppDelegate.swift */ = {isa = PBXFileReference; lastKnownFileType = sourcecode.swift; path = AppDelegate.swift; sourceTree = "<group>"; };
		AAF3151B231BE07D009E64D6 /* ViewController.swift */ = {isa = PBXFileReference; lastKnownFileType = sourcecode.swift; path = ViewController.swift; sourceTree = "<group>"; };
		AAF3151E231BE07D009E64D6 /* Base */ = {isa = PBXFileReference; lastKnownFileType = file.storyboard; name = Base; path = Base.lproj/Main.storyboard; sourceTree = "<group>"; };
		AAF31520231BE07E009E64D6 /* Assets.xcassets */ = {isa = PBXFileReference; lastKnownFileType = folder.assetcatalog; path = Assets.xcassets; sourceTree = "<group>"; };
		AAF31523231BE07E009E64D6 /* Base */ = {isa = PBXFileReference; lastKnownFileType = file.storyboard; name = Base; path = Base.lproj/LaunchScreen.storyboard; sourceTree = "<group>"; };
		AAF31525231BE07E009E64D6 /* Info.plist */ = {isa = PBXFileReference; lastKnownFileType = text.plist.xml; path = Info.plist; sourceTree = "<group>"; };
		F78F1F2C499F190359B382B2 /* Pods-Brightcove.debug.xcconfig */ = {isa = PBXFileReference; includeInIndex = 1; lastKnownFileType = text.xcconfig; name = "Pods-Brightcove.debug.xcconfig"; path = "Target Support Files/Pods-Brightcove/Pods-Brightcove.debug.xcconfig"; sourceTree = "<group>"; };
/* End PBXFileReference section */

/* Begin PBXFrameworksBuildPhase section */
		AAF31513231BE07D009E64D6 /* Frameworks */ = {
			isa = PBXFrameworksBuildPhase;
			buildActionMask = 2147483647;
			files = (
				894FC333301EF6CDB8B3E464 /* Pods_Brightcove.framework in Frameworks */,
			);
			runOnlyForDeploymentPostprocessing = 0;
		};
/* End PBXFrameworksBuildPhase section */

/* Begin PBXGroup section */
		999BCFF38090248F9A1A28AF /* Frameworks */ = {
			isa = PBXGroup;
			children = (
				8146C6DE9692A854ABBFFF4A /* Pods_Brightcove.framework */,
			);
			name = Frameworks;
			sourceTree = "<group>";
		};
		AAF3150D231BE07D009E64D6 = {
			isa = PBXGroup;
			children = (
				AAF31518231BE07D009E64D6 /* Brightcove */,
				AAF31517231BE07D009E64D6 /* Products */,
				B42DE4B0164483A68B6A6F45 /* Pods */,
				999BCFF38090248F9A1A28AF /* Frameworks */,
			);
			sourceTree = "<group>";
		};
		AAF31517231BE07D009E64D6 /* Products */ = {
			isa = PBXGroup;
			children = (
				AAF31516231BE07D009E64D6 /* Brightcove.app */,
			);
			name = Products;
			sourceTree = "<group>";
		};
		AAF31518231BE07D009E64D6 /* Brightcove */ = {
			isa = PBXGroup;
			children = (
				AAF31519231BE07D009E64D6 /* AppDelegate.swift */,
				AAF3151B231BE07D009E64D6 /* ViewController.swift */,
				AAF3151D231BE07D009E64D6 /* Main.storyboard */,
				AAF31520231BE07E009E64D6 /* Assets.xcassets */,
				AAF31522231BE07E009E64D6 /* LaunchScreen.storyboard */,
				AAF31525231BE07E009E64D6 /* Info.plist */,
			);
			path = Brightcove;
			sourceTree = "<group>";
		};
		B42DE4B0164483A68B6A6F45 /* Pods */ = {
			isa = PBXGroup;
			children = (
				F78F1F2C499F190359B382B2 /* Pods-Brightcove.debug.xcconfig */,
				540B1035F63296002413E28B /* Pods-Brightcove.release.xcconfig */,
			);
			path = Pods;
			sourceTree = "<group>";
		};
/* End PBXGroup section */

/* Begin PBXNativeTarget section */
		AAF31515231BE07D009E64D6 /* Brightcove */ = {
			isa = PBXNativeTarget;
			buildConfigurationList = AAF31528231BE07E009E64D6 /* Build configuration list for PBXNativeTarget "Brightcove" */;
			buildPhases = (
				932FF1BC7093E8B9406EFC3B /* [CP] Check Pods Manifest.lock */,
				AAF31512231BE07D009E64D6 /* Sources */,
				AAF31513231BE07D009E64D6 /* Frameworks */,
				AAF31514231BE07D009E64D6 /* Resources */,
				B237FB7CBD6D992FEF37FFFB /* [CP] Copy Pods Resources */,
			);
			buildRules = (
			);
			dependencies = (
			);
			name = Brightcove;
			productName = Brightcove;
			productReference = AAF31516231BE07D009E64D6 /* Brightcove.app */;
			productType = "com.apple.product-type.application";
		};
/* End PBXNativeTarget section */

/* Begin PBXProject section */
		AAF3150E231BE07D009E64D6 /* Project object */ = {
			isa = PBXProject;
			attributes = {
				LastSwiftUpdateCheck = 1020;
				LastUpgradeCheck = 1020;
				ORGANIZATIONNAME = ouyou;
				TargetAttributes = {
					AAF31515231BE07D009E64D6 = {
						CreatedOnToolsVersion = 10.2;
					};
				};
			};
			buildConfigurationList = AAF31511231BE07D009E64D6 /* Build configuration list for PBXProject "Brightcove" */;
			compatibilityVersion = "Xcode 9.3";
			developmentRegion = en;
			hasScannedForEncodings = 0;
			knownRegions = (
				en,
				Base,
			);
			mainGroup = AAF3150D231BE07D009E64D6;
			productRefGroup = AAF31517231BE07D009E64D6 /* Products */;
			projectDirPath = "";
			projectRoot = "";
			targets = (
				AAF31515231BE07D009E64D6 /* Brightcove */,
			);
		};
/* End PBXProject section */

/* Begin PBXResourcesBuildPhase section */
		AAF31514231BE07D009E64D6 /* Resources */ = {
			isa = PBXResourcesBuildPhase;
			buildActionMask = 2147483647;
			files = (
				AAF31524231BE07E009E64D6 /* LaunchScreen.storyboard in Resources */,
				AAF31521231BE07E009E64D6 /* Assets.xcassets in Resources */,
				AAF3151F231BE07D009E64D6 /* Main.storyboard in Resources */,
			);
			runOnlyForDeploymentPostprocessing = 0;
		};
/* End PBXResourcesBuildPhase section */

/* Begin PBXShellScriptBuildPhase section */
		932FF1BC7093E8B9406EFC3B /* [CP] Check Pods Manifest.lock */ = {
			isa = PBXShellScriptBuildPhase;
			buildActionMask = 2147483647;
			files = (
			);
			inputFileListPaths = (
			);
			inputPaths = (
				"${PODS_PODFILE_DIR_PATH}/Podfile.lock",
				"${PODS_ROOT}/Manifest.lock",
			);
			name = "[CP] Check Pods Manifest.lock";
			outputFileListPaths = (
			);
			outputPaths = (
				"$(DERIVED_FILE_DIR)/Pods-Brightcove-checkManifestLockResult.txt",
			);
			runOnlyForDeploymentPostprocessing = 0;
			shellPath = /bin/sh;
			shellScript = "diff \"${PODS_PODFILE_DIR_PATH}/Podfile.lock\" \"${PODS_ROOT}/Manifest.lock\" > /dev/null\nif [ $? != 0 ] ; then\n    # print error to STDERR\n    echo \"error: The sandbox is not in sync with the Podfile.lock. Run 'pod install' or update your CocoaPods installation.\" >&2\n    exit 1\nfi\n# This output is used by Xcode 'outputs' to avoid re-running this script phase.\necho \"SUCCESS\" > \"${SCRIPT_OUTPUT_FILE_0}\"\n";
			showEnvVarsInLog = 0;
		};
		B237FB7CBD6D992FEF37FFFB /* [CP] Copy Pods Resources */ = {
			isa = PBXShellScriptBuildPhase;
			buildActionMask = 2147483647;
			files = (
			);
			inputFileListPaths = (
			);
			inputPaths = (
				"${PODS_ROOT}/Target Support Files/Pods-Brightcove/Pods-Brightcove-resources.sh",
				"${PODS_CONFIGURATION_BUILD_DIR}/Brightcove-Player-Core/BCOVPUIResources.bundle",
			);
			name = "[CP] Copy Pods Resources";
			outputFileListPaths = (
			);
			outputPaths = (
				"${TARGET_BUILD_DIR}/${UNLOCALIZED_RESOURCES_FOLDER_PATH}/BCOVPUIResources.bundle",
			);
			runOnlyForDeploymentPostprocessing = 0;
			shellPath = /bin/sh;
			shellScript = "\"${PODS_ROOT}/Target Support Files/Pods-Brightcove/Pods-Brightcove-resources.sh\"\n";
			showEnvVarsInLog = 0;
		};
/* End PBXShellScriptBuildPhase section */

/* Begin PBXSourcesBuildPhase section */
		AAF31512231BE07D009E64D6 /* Sources */ = {
			isa = PBXSourcesBuildPhase;
			buildActionMask = 2147483647;
			files = (
				AAF3151C231BE07D009E64D6 /* ViewController.swift in Sources */,
				AAF3151A231BE07D009E64D6 /* AppDelegate.swift in Sources */,
			);
			runOnlyForDeploymentPostprocessing = 0;
		};
/* End PBXSourcesBuildPhase section */

/* Begin PBXVariantGroup section */
		AAF3151D231BE07D009E64D6 /* Main.storyboard */ = {
			isa = PBXVariantGroup;
			children = (
				AAF3151E231BE07D009E64D6 /* Base */,
			);
			name = Main.storyboard;
			sourceTree = "<group>";
		};
		AAF31522231BE07E009E64D6 /* LaunchScreen.storyboard */ = {
			isa = PBXVariantGroup;
			children = (
				AAF31523231BE07E009E64D6 /* Base */,
			);
			name = LaunchScreen.storyboard;
			sourceTree = "<group>";
		};
/* End PBXVariantGroup section */

/* Begin XCBuildConfiguration section */
		AAF31526231BE07E009E64D6 /* Debug */ = {
			isa = XCBuildConfiguration;
			buildSettings = {
				ALWAYS_SEARCH_USER_PATHS = NO;
				CLANG_ANALYZER_NONNULL = YES;
				CLANG_ANALYZER_NUMBER_OBJECT_CONVERSION = YES_AGGRESSIVE;
				CLANG_CXX_LANGUAGE_STANDARD = "gnu++14";
				CLANG_CXX_LIBRARY = "libc++";
				CLANG_ENABLE_MODULES = YES;
				CLANG_ENABLE_OBJC_ARC = YES;
				CLANG_ENABLE_OBJC_WEAK = YES;
				CLANG_WARN_BLOCK_CAPTURE_AUTORELEASING = YES;
				CLANG_WARN_BOOL_CONVERSION = YES;
				CLANG_WARN_COMMA = YES;
				CLANG_WARN_CONSTANT_CONVERSION = YES;
				CLANG_WARN_DEPRECATED_OBJC_IMPLEMENTATIONS = YES;
				CLANG_WARN_DIRECT_OBJC_ISA_USAGE = YES_ERROR;
				CLANG_WARN_DOCUMENTATION_COMMENTS = YES;
				CLANG_WARN_EMPTY_BODY = YES;
				CLANG_WARN_ENUM_CONVERSION = YES;
				CLANG_WARN_INFINITE_RECURSION = YES;
				CLANG_WARN_INT_CONVERSION = YES;
				CLANG_WARN_NON_LITERAL_NULL_CONVERSION = YES;
				CLANG_WARN_OBJC_IMPLICIT_RETAIN_SELF = YES;
				CLANG_WARN_OBJC_LITERAL_CONVERSION = YES;
				CLANG_WARN_OBJC_ROOT_CLASS = YES_ERROR;
				CLANG_WARN_RANGE_LOOP_ANALYSIS = YES;
				CLANG_WARN_STRICT_PROTOTYPES = YES;
				CLANG_WARN_SUSPICIOUS_MOVE = YES;
				CLANG_WARN_UNGUARDED_AVAILABILITY = YES_AGGRESSIVE;
				CLANG_WARN_UNREACHABLE_CODE = YES;
				CLANG_WARN__DUPLICATE_METHOD_MATCH = YES;
				CODE_SIGN_IDENTITY = "iPhone Developer";
				COPY_PHASE_STRIP = NO;
				DEBUG_INFORMATION_FORMAT = dwarf;
				ENABLE_STRICT_OBJC_MSGSEND = YES;
				ENABLE_TESTABILITY = YES;
				GCC_C_LANGUAGE_STANDARD = gnu11;
				GCC_DYNAMIC_NO_PIC = NO;
				GCC_NO_COMMON_BLOCKS = YES;
				GCC_OPTIMIZATION_LEVEL = 0;
				GCC_PREPROCESSOR_DEFINITIONS = (
					"DEBUG=1",
					"$(inherited)",
				);
				GCC_WARN_64_TO_32_BIT_CONVERSION = YES;
				GCC_WARN_ABOUT_RETURN_TYPE = YES_ERROR;
				GCC_WARN_UNDECLARED_SELECTOR = YES;
				GCC_WARN_UNINITIALIZED_AUTOS = YES_AGGRESSIVE;
				GCC_WARN_UNUSED_FUNCTION = YES;
				GCC_WARN_UNUSED_VARIABLE = YES;
				IPHONEOS_DEPLOYMENT_TARGET = 12.2;
				MTL_ENABLE_DEBUG_INFO = INCLUDE_SOURCE;
				MTL_FAST_MATH = YES;
				ONLY_ACTIVE_ARCH = YES;
				SDKROOT = iphoneos;
				SWIFT_ACTIVE_COMPILATION_CONDITIONS = DEBUG;
				SWIFT_OPTIMIZATION_LEVEL = "-Onone";
			};
			name = Debug;
		};
		AAF31527231BE07E009E64D6 /* Release */ = {
			isa = XCBuildConfiguration;
			buildSettings = {
				ALWAYS_SEARCH_USER_PATHS = NO;
				CLANG_ANALYZER_NONNULL = YES;
				CLANG_ANALYZER_NUMBER_OBJECT_CONVERSION = YES_AGGRESSIVE;
				CLANG_CXX_LANGUAGE_STANDARD = "gnu++14";
				CLANG_CXX_LIBRARY = "libc++";
				CLANG_ENABLE_MODULES = YES;
				CLANG_ENABLE_OBJC_ARC = YES;
				CLANG_ENABLE_OBJC_WEAK = YES;
				CLANG_WARN_BLOCK_CAPTURE_AUTORELEASING = YES;
				CLANG_WARN_BOOL_CONVERSION = YES;
				CLANG_WARN_COMMA = YES;
				CLANG_WARN_CONSTANT_CONVERSION = YES;
				CLANG_WARN_DEPRECATED_OBJC_IMPLEMENTATIONS = YES;
				CLANG_WARN_DIRECT_OBJC_ISA_USAGE = YES_ERROR;
				CLANG_WARN_DOCUMENTATION_COMMENTS = YES;
				CLANG_WARN_EMPTY_BODY = YES;
				CLANG_WARN_ENUM_CONVERSION = YES;
				CLANG_WARN_INFINITE_RECURSION = YES;
				CLANG_WARN_INT_CONVERSION = YES;
				CLANG_WARN_NON_LITERAL_NULL_CONVERSION = YES;
				CLANG_WARN_OBJC_IMPLICIT_RETAIN_SELF = YES;
				CLANG_WARN_OBJC_LITERAL_CONVERSION = YES;
				CLANG_WARN_OBJC_ROOT_CLASS = YES_ERROR;
				CLANG_WARN_RANGE_LOOP_ANALYSIS = YES;
				CLANG_WARN_STRICT_PROTOTYPES = YES;
				CLANG_WARN_SUSPICIOUS_MOVE = YES;
				CLANG_WARN_UNGUARDED_AVAILABILITY = YES_AGGRESSIVE;
				CLANG_WARN_UNREACHABLE_CODE = YES;
				CLANG_WARN__DUPLICATE_METHOD_MATCH = YES;
				CODE_SIGN_IDENTITY = "iPhone Developer";
				COPY_PHASE_STRIP = NO;
				DEBUG_INFORMATION_FORMAT = "dwarf-with-dsym";
				ENABLE_NS_ASSERTIONS = NO;
				ENABLE_STRICT_OBJC_MSGSEND = YES;
				GCC_C_LANGUAGE_STANDARD = gnu11;
				GCC_NO_COMMON_BLOCKS = YES;
				GCC_WARN_64_TO_32_BIT_CONVERSION = YES;
				GCC_WARN_ABOUT_RETURN_TYPE = YES_ERROR;
				GCC_WARN_UNDECLARED_SELECTOR = YES;
				GCC_WARN_UNINITIALIZED_AUTOS = YES_AGGRESSIVE;
				GCC_WARN_UNUSED_FUNCTION = YES;
				GCC_WARN_UNUSED_VARIABLE = YES;
				IPHONEOS_DEPLOYMENT_TARGET = 12.2;
				MTL_ENABLE_DEBUG_INFO = NO;
				MTL_FAST_MATH = YES;
				SDKROOT = iphoneos;
				SWIFT_COMPILATION_MODE = wholemodule;
				SWIFT_OPTIMIZATION_LEVEL = "-O";
				VALIDATE_PRODUCT = YES;
			};
			name = Release;
		};
		AAF31529231BE07E009E64D6 /* Debug */ = {
			isa = XCBuildConfiguration;
			baseConfigurationReference = F78F1F2C499F190359B382B2 /* Pods-Brightcove.debug.xcconfig */;
			buildSettings = {
				ASSETCATALOG_COMPILER_APPICON_NAME = AppIcon;
				CODE_SIGN_STYLE = Automatic;
				DEVELOPMENT_TEAM = SECCF8M6F2;
				INFOPLIST_FILE = Brightcove/Info.plist;
				LD_RUNPATH_SEARCH_PATHS = (
					"$(inherited)",
					"@executable_path/Frameworks",
				);
				PRODUCT_BUNDLE_IDENTIFIER = ouyou.Brightcove;
				PRODUCT_NAME = "$(TARGET_NAME)";
				SWIFT_VERSION = 5.0;
				TARGETED_DEVICE_FAMILY = "1,2";
			};
			name = Debug;
		};
		AAF3152A231BE07E009E64D6 /* Release */ = {
			isa = XCBuildConfiguration;
			baseConfigurationReference = 540B1035F63296002413E28B /* Pods-Brightcove.release.xcconfig */;
			buildSettings = {
				ASSETCATALOG_COMPILER_APPICON_NAME = AppIcon;
				CODE_SIGN_STYLE = Automatic;
				DEVELOPMENT_TEAM = SECCF8M6F2;
				INFOPLIST_FILE = Brightcove/Info.plist;
				LD_RUNPATH_SEARCH_PATHS = (
					"$(inherited)",
					"@executable_path/Frameworks",
				);
				PRODUCT_BUNDLE_IDENTIFIER = ouyou.Brightcove;
				PRODUCT_NAME = "$(TARGET_NAME)";
				SWIFT_VERSION = 5.0;
				TARGETED_DEVICE_FAMILY = "1,2";
			};
			name = Release;
		};
/* End XCBuildConfiguration section */

/* Begin XCConfigurationList section */
		AAF31511231BE07D009E64D6 /* Build configuration list for PBXProject "Brightcove" */ = {
			isa = XCConfigurationList;
			buildConfigurations = (
				AAF31526231BE07E009E64D6 /* Debug */,
				AAF31527231BE07E009E64D6 /* Release */,
			);
			defaultConfigurationIsVisible = 0;
			defaultConfigurationName = Release;
		};
		AAF31528231BE07E009E64D6 /* Build configuration list for PBXNativeTarget "Brightcove" */ = {
			isa = XCConfigurationList;
			buildConfigurations = (
				AAF31529231BE07E009E64D6 /* Debug */,
				AAF3152A231BE07E009E64D6 /* Release */,
			);
			defaultConfigurationIsVisible = 0;
			defaultConfigurationName = Release;
		};
/* End XCConfigurationList section */
	};
	rootObject = AAF3150E231BE07D009E64D6 /* Project object */;
}
